#MicroXplorer Configuration settings - do not modify
Mcu.Family=STM32L1
RCC.MSI_VALUE=2097000
ProjectManager.MainLocation=Core/Src
Dma.SPI1_TX.0.MemInc=DMA_MINC_ENABLE
USB_DEVICE.CLASS_NAME_FS=CDC
ProjectManager.ProjectFileName=Retrowave_USB.ioc
PH0-OSC_IN.Signal=RCC_OSC_IN
Dma.SPI1_TX.0.PeriphInc=DMA_PINC_DISABLE
PA7.Mode=TX_Only_Simplex_Unidirect_Master
ProjectManager.KeepUserCode=true
PA10.Mode=Asynchronous
Mcu.UserName=STM32L151C8TxA
Mcu.PinsNb=16
SPI1.VirtualType=VM_MASTER
ProjectManager.NoMain=false
SPI1.IPParameters=VirtualType,Mode,Direction,CalculateBaudRate,BaudRatePrescaler
USB_DEVICE.VirtualModeFS=Cdc_FS
RCC.PLLCLKFreq_Value=32000000
ProjectManager.functionlistsort=1-MX_GPIO_Init-GPIO-false-HAL-true,2-MX_DMA_Init-DMA-false-HAL-true,3-SystemClock_Config-RCC-false-HAL-false,4-MX_SPI1_Init-SPI1-false-HAL-true,5-MX_USART1_UART_Init-USART1-false-HAL-true,6-MX_USB_DEVICE_Init-USB_DEVICE-false-HAL-false
PA11.Mode=Device
RCC.RTCFreq_Value=37000
ProjectManager.DefaultFWLocation=true
PB0.GPIO_Label=SPI1_CS
USB.IPParameters=low_power_enable
NVIC.SVC_IRQn=true\:0\:0\:false\:false\:true\:false\:false
ProjectManager.DeletePrevious=true
USART1.IPParameters=VirtualMode
PC14-OSC32_IN.Signal=RCC_OSC32_IN
RCC.TimerFreq_Value=32000000
USB_DEVICE.IPParameters=VirtualMode,VirtualModeFS,CLASS_NAME_FS,MANUFACTURER_STRING,PRODUCT_STRING_CDC_FS
PinOutPanel.RotationAngle=0
RCC.FamilyName=M
RCC.SYSCLKSource=RCC_SYSCLKSOURCE_PLLCLK
ProjectManager.StackSize=0x400
PB0.GPIO_Speed=GPIO_SPEED_FREQ_VERY_HIGH
NVIC.DMA1_Channel3_IRQn=true\:0\:0\:false\:false\:true\:false\:true
PA13.Signal=SYS_JTMS-SWDIO
Mcu.IP4=SYS
RCC.FCLKCortexFreq_Value=32000000
Mcu.IP5=USART1
USB_DEVICE.MANUFACTURER_STRING=SudoMaker
Mcu.IP2=RCC
Mcu.IP3=SPI1
Mcu.IP0=DMA
PA9.Mode=Asynchronous
Mcu.IP1=NVIC
PA12.Signal=USB_DP
RCC.PLLDIV=RCC_PLL_DIV3
Dma.SPI1_TX.0.RequestParameters=Instance,Direction,PeriphInc,MemInc,PeriphDataAlignment,MemDataAlignment,Mode,Priority
Mcu.UserConstants=
ProjectManager.TargetToolchain=SW4STM32
USB_DEVICE.PRODUCT_STRING_CDC_FS=Retrowave USB Adapter
PB0.PinState=GPIO_PIN_SET
Mcu.ThirdPartyNb=0
SPI1.Direction=SPI_DIRECTION_2LINES
Dma.SPI1_TX.0.PeriphDataAlignment=DMA_PDATAALIGN_BYTE
RCC.HCLKFreq_Value=32000000
Dma.SPI1_TX.0.Direction=DMA_MEMORY_TO_PERIPH
VP_USB_DEVICE_VS_USB_DEVICE_CDC_FS.Mode=CDC_FS
Mcu.IPNb=8
ProjectManager.PreviousToolchain=SW4STM32
PC13-WKUP2.GPIO_Label=LED
RCC.APB2TimFreq_Value=32000000
PA9.Signal=USART1_TX
PA0-WKUP1.Signal=SYS_WKUP1
SPI1.CalculateBaudRate=2.0 MBits/s
Mcu.Pin6=PB0
Mcu.Pin7=PA9
ProjectManager.RegisterCallBack=
Mcu.Pin8=PA10
Mcu.Pin9=PA11
RCC.LSE_VALUE=32768
RCC.AHBFreq_Value=32000000
PH0-OSC_IN.Mode=HSE-External-Oscillator
Mcu.Pin0=PC13-WKUP2
Mcu.Pin1=PC14-OSC32_IN
GPIO.groupedBy=Group By Peripherals
Mcu.Pin2=PH0-OSC_IN
Mcu.Pin3=PH1-OSC_OUT
Mcu.Pin4=PA0-WKUP1
Mcu.Pin5=PA7
ProjectManager.ProjectBuild=false
RCC.HSE_VALUE=8000000
PC13-WKUP2.Signal=GPIO_Output
NVIC.UsageFault_IRQn=true\:0\:0\:false\:false\:true\:false\:false
NVIC.DebugMonitor_IRQn=true\:0\:0\:false\:false\:true\:false\:false
RCC.MCOPinFreq_Value=32000000
PB3.Mode=TX_Only_Simplex_Unidirect_Master
board=custom
RCC.VCOOutputFreq_Value=96000000
NVIC.SysTick_IRQn=true\:0\:0\:false\:false\:true\:false\:true
ProjectManager.LastFirmware=true
RCC.PLLMUL=RCC_PLL_MUL12
USB.low_power_enable=DISABLE
PC13-WKUP2.GPIOParameters=GPIO_Speed,GPIO_Label
ProjectManager.FirmwarePackage=STM32Cube FW_L1 V1.10.2
MxDb.Version=DB.6.0.10
PC13-WKUP2.GPIO_Speed=GPIO_SPEED_FREQ_VERY_HIGH
PB0.GPIOParameters=GPIO_Speed,PinState,GPIO_Label,GPIO_ModeDefaultOutputPP
RCC.APB2Freq_Value=32000000
ProjectManager.BackupPrevious=false
MxCube.Version=6.1.1
PC14-OSC32_IN.Mode=LSE-External-Clock-Source
RCC.VCOInputFreq_Value=8000000
SPI1.Mode=SPI_MODE_MASTER
PA14.Mode=Serial_Wire
File.Version=6
VP_SYS_VS_Systick.Mode=SysTick
PH1-OSC_OUT.Signal=RCC_OSC_OUT
Dma.SPI1_TX.0.Instance=DMA1_Channel3
NVIC.NonMaskableInt_IRQn=true\:0\:0\:false\:false\:true\:false\:false
PA0-WKUP1.Mode=SYS_WakeUp0
NVIC.PendSV_IRQn=true\:0\:0\:false\:false\:true\:false\:false
PA13.Mode=Serial_Wire
ProjectManager.FreePins=false
RCC.IPParameters=48MHZClocksFreq_Value,AHBFreq_Value,APB1Freq_Value,APB1TimFreq_Value,APB2Freq_Value,APB2TimFreq_Value,FCLKCortexFreq_Value,FamilyName,HCLKFreq_Value,HSE_VALUE,HSI_VALUE,LSE_VALUE,LSI_VALUE,MCOPinFreq_Value,MSI_VALUE,PLLCLKFreq_Value,PLLDIV,PLLMUL,PWRFreq_Value,RTCFreq_Value,RTCHSEDivFreq_Value,SYSCLKFreq_VALUE,SYSCLKSource,TIMFreq_Value,TimerFreq_Value,VCOInputFreq_Value,VCOOutputFreq_Value
ProjectManager.AskForMigrate=true
Mcu.Name=STM32L151C(6-8-B)TxA
Dma.RequestsNb=1
ProjectManager.HalAssertFull=false
PB0.Locked=true
RCC.RTCHSEDivFreq_Value=4000000
ProjectManager.ProjectName=Retrowave_USB
ProjectManager.UnderRoot=true
Mcu.IP6=USB
Mcu.IP7=USB_DEVICE
ProjectManager.CoupleFile=true
PH1-OSC_OUT.Mode=HSE-External-Oscillator
Dma.SPI1_TX.0.Mode=DMA_NORMAL
RCC.48MHZClocksFreq_Value=48000000
PB3.Signal=SPI1_SCK
RCC.SYSCLKFreq_VALUE=32000000
Mcu.Package=LQFP48
PC13-WKUP2.Locked=true
PA12.Mode=Device
NVIC.ForceEnableDMAVector=true
KeepUserPlacement=false
NVIC.MemoryManagement_IRQn=true\:0\:0\:false\:false\:true\:false\:false
USART1.VirtualMode=VM_ASYNC
ProjectManager.CompilerOptimize=6
ProjectManager.ToolChainLocation=
RCC.LSI_VALUE=37000
VP_SYS_VS_Systick.Signal=SYS_VS_Systick
PA11.Signal=USB_DM
PA10.Signal=USART1_RX
PA14.Signal=SYS_JTCK-SWCLK
ProjectManager.HeapSize=0x200
Dma.SPI1_TX.0.Priority=DMA_PRIORITY_VERY_HIGH
Dma.SPI1_TX.0.MemDataAlignment=DMA_MDATAALIGN_BYTE
Mcu.Pin15=VP_USB_DEVICE_VS_USB_DEVICE_CDC_FS
NVIC.HardFault_IRQn=true\:0\:0\:false\:false\:true\:false\:false
VP_USB_DEVICE_VS_USB_DEVICE_CDC_FS.Signal=USB_DEVICE_VS_USB_DEVICE_CDC_FS
Mcu.Pin13=PB3
Mcu.Pin14=VP_SYS_VS_Systick
NVIC.USB_LP_IRQn=true\:0\:0\:false\:false\:true\:false\:true
ProjectManager.ComputerToolchain=false
RCC.HSI_VALUE=16000000
NVIC.PriorityGroup=NVIC_PRIORITYGROUP_4
Mcu.Pin11=PA13
Mcu.Pin12=PA14
Mcu.Pin10=PA12
RCC.APB1TimFreq_Value=32000000
NVIC.BusFault_IRQn=true\:0\:0\:false\:false\:true\:false\:false
RCC.PWRFreq_Value=32000000
PB0.GPIO_ModeDefaultOutputPP=GPIO_MODE_OUTPUT_PP
Dma.Request0=SPI1_TX
RCC.APB1Freq_Value=32000000
SPI1.BaudRatePrescaler=SPI_BAUDRATEPRESCALER_16
PB0.Signal=GPIO_Output
USB_DEVICE.VirtualMode=Cdc
ProjectManager.CustomerFirmwarePackage=
ProjectManager.DeviceId=STM32L151C8TxA
ProjectManager.LibraryCopy=1
PB3.Locked=true
PA7.Signal=SPI1_MOSI
RCC.TIMFreq_Value=32000000
